
Microsoft Visual Studio Solution File, Format Version 12.00
Project("{FAE04EC0-301F-11D3-BF4B-00C04F79EFBC}") = "Sokoban", "Sokoban\Sokoban.csproj", "{EA354E09-3B72-498E-B50E-E5E5BE5EE00D}"
EndProject
Global
	GlobalSection(SolutionConfigurationPlatforms) = preSolution
		Debug|Any CPU = Debug|Any CPU
		Release|Any CPU = Release|Any CPU
	EndGlobalSection
	GlobalSection(ProjectConfigurationPlatforms) = postSolution
		{EA354E09-3B72-498E-B50E-E5E5BE5EE00D}.Debug|Any CPU.ActiveCfg = Debug|Any CPU
		{EA354E09-3B72-498E-B50E-E5E5BE5EE00D}.Debug|Any CPU.Build.0 = Debug|Any CPU
		{EA354E09-3B72-498E-B50E-E5E5BE5EE00D}.Release|Any CPU.ActiveCfg = Release|Any CPU
		{EA354E09-3B72-498E-B50E-E5E5BE5EE00D}.Release|Any CPU.Build.0 = Release|Any CPU
	EndGlobalSection
EndGlobal
